
Microsoft Visual Studio Solution File, Format Version 12.00
# Visual Studio 14
VisualStudioVersion = 14.0.24720.0
MinimumVisualStudioVersion = 10.0.40219.1
Project("{FAE04EC0-301F-11D3-BF4B-00C04F79EFBC}") = "Enmarcha.Samples.ManageData", "Enmarcha.Samples.ManageData\Enmarcha.Samples.ManageData.csproj", "{6505D4E9-E35E-444F-95F7-8EC6646B1C85}"
EndProject
Project("{FAE04EC0-301F-11D3-BF4B-00C04F79EFBC}") = "Enmarcha.Samples.Provisioning", "Enmarcha.Samples.Provisioning\Enmarcha.Samples.Provisioning.csproj", "{8EBC1C9A-0913-404D-B0DD-192488503E02}"
EndProject
Global
	GlobalSection(SolutionConfigurationPlatforms) = preSolution
		Debug|Any CPU = Debug|Any CPU
		Debug|x64 = Debug|x64
		Release|Any CPU = Release|Any CPU
		Release|x64 = Release|x64
	EndGlobalSection
	GlobalSection(ProjectConfigurationPlatforms) = postSolution
		{6505D4E9-E35E-444F-95F7-8EC6646B1C85}.Debug|Any CPU.ActiveCfg = Debug|Any CPU
		{6505D4E9-E35E-444F-95F7-8EC6646B1C85}.Debug|Any CPU.Build.0 = Debug|Any CPU
		{6505D4E9-E35E-444F-95F7-8EC6646B1C85}.Debug|x64.ActiveCfg = Debug|x64
		{6505D4E9-E35E-444F-95F7-8EC6646B1C85}.Debug|x64.Build.0 = Debug|x64
		{6505D4E9-E35E-444F-95F7-8EC6646B1C85}.Release|Any CPU.ActiveCfg = Release|Any CPU
		{6505D4E9-E35E-444F-95F7-8EC6646B1C85}.Release|Any CPU.Build.0 = Release|Any CPU
		{6505D4E9-E35E-444F-95F7-8EC6646B1C85}.Release|x64.ActiveCfg = Release|x64
		{6505D4E9-E35E-444F-95F7-8EC6646B1C85}.Release|x64.Build.0 = Release|x64
		{8EBC1C9A-0913-404D-B0DD-192488503E02}.Debug|Any CPU.ActiveCfg = Debug|Any CPU
		{8EBC1C9A-0913-404D-B0DD-192488503E02}.Debug|Any CPU.Build.0 = Debug|Any CPU
		{8EBC1C9A-0913-404D-B0DD-192488503E02}.Debug|x64.ActiveCfg = Debug|Any CPU
		{8EBC1C9A-0913-404D-B0DD-192488503E02}.Debug|x64.Build.0 = Debug|Any CPU
		{8EBC1C9A-0913-404D-B0DD-192488503E02}.Release|Any CPU.ActiveCfg = Release|Any CPU
		{8EBC1C9A-0913-404D-B0DD-192488503E02}.Release|Any CPU.Build.0 = Release|Any CPU
		{8EBC1C9A-0913-404D-B0DD-192488503E02}.Release|x64.ActiveCfg = Release|Any CPU
		{8EBC1C9A-0913-404D-B0DD-192488503E02}.Release|x64.Build.0 = Release|Any CPU
	EndGlobalSection
	GlobalSection(SolutionProperties) = preSolution
		HideSolutionNode = FALSE
	EndGlobalSection
EndGlobal
