
Microsoft Visual Studio Solution File, Format Version 12.00
# Visual Studio 2013
VisualStudioVersion = 12.0.40629.0
MinimumVisualStudioVersion = 10.0.40219.1
Project("{FAE04EC0-301F-11D3-BF4B-00C04F79EFBC}") = "Enmarcha.ImageGalery.SP", "Enmarcha.ImageGalery.SP\Enmarcha.ImageGalery.SP.csproj", "{4BEDC7CC-FEC4-4E0D-B40F-4A76518EDD3C}"
EndProject
Project("{FAE04EC0-301F-11D3-BF4B-00C04F79EFBC}") = "Enmarcha.ImageGalery.Model", "Enmarcha.ImageGalery.Model\Enmarcha.ImageGalery.Model.csproj", "{2E857DFC-765D-46A7-B901-D1C851D83C5F}"
EndProject
Project("{FAE04EC0-301F-11D3-BF4B-00C04F79EFBC}") = "Enmarcha.ImageGalery.Service", "Enmarcha.ImageGalery.Service\Enmarcha.ImageGalery.Service.csproj", "{E7A4BE31-3EAA-4C94-BB56-AF666356A1C1}"
EndProject
Project("{FAE04EC0-301F-11D3-BF4B-00C04F79EFBC}") = "Enmarcha.ImageGalery.Test", "Enmarcha.ImageGalery.Test\Enmarcha.ImageGalery.Test.csproj", "{D445422D-0CA0-40C2-A8E4-F75B88DCA7F6}"
EndProject
Global
	GlobalSection(SolutionConfigurationPlatforms) = preSolution
		Debug|Any CPU = Debug|Any CPU
		Release|Any CPU = Release|Any CPU
	EndGlobalSection
	GlobalSection(ProjectConfigurationPlatforms) = postSolution
		{4BEDC7CC-FEC4-4E0D-B40F-4A76518EDD3C}.Debug|Any CPU.ActiveCfg = Debug|Any CPU
		{4BEDC7CC-FEC4-4E0D-B40F-4A76518EDD3C}.Debug|Any CPU.Build.0 = Debug|Any CPU
		{4BEDC7CC-FEC4-4E0D-B40F-4A76518EDD3C}.Debug|Any CPU.Deploy.0 = Debug|Any CPU
		{4BEDC7CC-FEC4-4E0D-B40F-4A76518EDD3C}.Release|Any CPU.ActiveCfg = Release|Any CPU
		{4BEDC7CC-FEC4-4E0D-B40F-4A76518EDD3C}.Release|Any CPU.Build.0 = Release|Any CPU
		{4BEDC7CC-FEC4-4E0D-B40F-4A76518EDD3C}.Release|Any CPU.Deploy.0 = Release|Any CPU
		{2E857DFC-765D-46A7-B901-D1C851D83C5F}.Debug|Any CPU.ActiveCfg = Debug|Any CPU
		{2E857DFC-765D-46A7-B901-D1C851D83C5F}.Debug|Any CPU.Build.0 = Debug|Any CPU
		{2E857DFC-765D-46A7-B901-D1C851D83C5F}.Release|Any CPU.ActiveCfg = Release|Any CPU
		{2E857DFC-765D-46A7-B901-D1C851D83C5F}.Release|Any CPU.Build.0 = Release|Any CPU
		{E7A4BE31-3EAA-4C94-BB56-AF666356A1C1}.Debug|Any CPU.ActiveCfg = Debug|Any CPU
		{E7A4BE31-3EAA-4C94-BB56-AF666356A1C1}.Debug|Any CPU.Build.0 = Debug|Any CPU
		{E7A4BE31-3EAA-4C94-BB56-AF666356A1C1}.Release|Any CPU.ActiveCfg = Release|Any CPU
		{E7A4BE31-3EAA-4C94-BB56-AF666356A1C1}.Release|Any CPU.Build.0 = Release|Any CPU
		{D445422D-0CA0-40C2-A8E4-F75B88DCA7F6}.Debug|Any CPU.ActiveCfg = Debug|Any CPU
		{D445422D-0CA0-40C2-A8E4-F75B88DCA7F6}.Debug|Any CPU.Build.0 = Debug|Any CPU
		{D445422D-0CA0-40C2-A8E4-F75B88DCA7F6}.Release|Any CPU.ActiveCfg = Release|Any CPU
		{D445422D-0CA0-40C2-A8E4-F75B88DCA7F6}.Release|Any CPU.Build.0 = Release|Any CPU
	EndGlobalSection
	GlobalSection(SolutionProperties) = preSolution
		HideSolutionNode = FALSE
	EndGlobalSection
EndGlobal
